{
  "name": "klaviyo",
  "version": "1.0.0",
  "lockfileVersion": 3,
  "requires": true,
  "packages": {
    "": {
      "name": "klaviyo",
      "version": "1.0.0",
      "workspaces": [
        "frontend"
      ],
      "dependencies": {
        "libphonenumber-js": "1.11.7"
      },
      "devDependencies": {
        "@swell/app-types": "^1.0.5",
        "typescript": "^5.9.3"
      }
    },
    "node_modules/@swell/app-types": {
      "version": "1.2.2",
      "resolved": "https://registry.npmjs.org/@swell/app-types/-/app-types-1.2.2.tgz",
      "integrity": "sha512-c5pgjoOqfX7XfNfQBmbwFIoZZS/i8g+JzZ5FLvFX9fRZFqjihgdO7uybG0FHHgGArMOf1xDnJVg2D8ZB9ieRmg==",
      "dev": true,
      "license": "MIT"
    },
    "node_modules/libphonenumber-js": {
      "version": "1.11.7",
      "resolved": "https://registry.npmjs.org/libphonenumber-js/-/libphonenumber-js-1.11.7.tgz",
      "integrity": "sha512-x2xON4/Qg2bRIS11KIN9yCNYUjhtiEjNyptjX0mX+pyKHecxuJVLIpfX1lq9ZD6CrC/rB+y4GBi18c6CEcUR+A==",
      "license": "MIT"
    },
    "node_modules/typescript": {
      "version": "5.9.3",
      "resolved": "https://registry.npmjs.org/typescript/-/typescript-5.9.3.tgz",
      "integrity": "sha512-jl1vZzPDinLr9eUt3J/t7V6FgNEw9QjvBPdysz9KfQDD41fQrC2Y4vKQdiaUpFT4bXlb1RHhLpp8wtm6M5TgSw==",
      "dev": true,
      "license": "Apache-2.0",
      "bin": {
        "tsc": "bin/tsc",
        "tsserver": "bin/tsserver"
      },
      "engines": {
        "node": ">=14.17"
      }
    }
  }
}
